
Microsoft Visual Studio Solution File, Format Version 12.00
# Visual Studio Version 16
VisualStudioVersion = 16.0.31702.278
MinimumVisualStudioVersion = 10.0.40219.1
Project("{9A19103F-16F7-4668-BE54-9A1E7A4F7556}") = "HotelFinderEntities", "HotelFinderEntities\HotelFinderEntities.csproj", "{157EC2E0-E5B3-45AC-9B29-24C18DFD2E7B}"
EndProject
Project("{9A19103F-16F7-4668-BE54-9A1E7A4F7556}") = "HotelFinderDataAccess", "HotelFinderDataAccess\HotelFinderDataAccess.csproj", "{D87326E8-1FC2-4490-B334-9BA13BAF99D0}"
EndProject
Project("{9A19103F-16F7-4668-BE54-9A1E7A4F7556}") = "HotelFinderBusiness", "HotelFinderBusiness\HotelFinderBusiness.csproj", "{44E6E24B-EDCF-4047-ADC0-41F3B125643D}"
EndProject
Project("{9A19103F-16F7-4668-BE54-9A1E7A4F7556}") = "HotelFinderWebApi", "HotelFinderWebApi\HotelFinderWebApi.csproj", "{F7671A4D-3D94-43BB-98BC-1DC285541D61}"
EndProject
Global
	GlobalSection(SolutionConfigurationPlatforms) = preSolution
		Debug|Any CPU = Debug|Any CPU
		Release|Any CPU = Release|Any CPU
	EndGlobalSection
	GlobalSection(ProjectConfigurationPlatforms) = postSolution
		{157EC2E0-E5B3-45AC-9B29-24C18DFD2E7B}.Debug|Any CPU.ActiveCfg = Debug|Any CPU
		{157EC2E0-E5B3-45AC-9B29-24C18DFD2E7B}.Debug|Any CPU.Build.0 = Debug|Any CPU
		{157EC2E0-E5B3-45AC-9B29-24C18DFD2E7B}.Release|Any CPU.ActiveCfg = Release|Any CPU
		{157EC2E0-E5B3-45AC-9B29-24C18DFD2E7B}.Release|Any CPU.Build.0 = Release|Any CPU
		{D87326E8-1FC2-4490-B334-9BA13BAF99D0}.Debug|Any CPU.ActiveCfg = Debug|Any CPU
		{D87326E8-1FC2-4490-B334-9BA13BAF99D0}.Debug|Any CPU.Build.0 = Debug|Any CPU
		{D87326E8-1FC2-4490-B334-9BA13BAF99D0}.Release|Any CPU.ActiveCfg = Release|Any CPU
		{D87326E8-1FC2-4490-B334-9BA13BAF99D0}.Release|Any CPU.Build.0 = Release|Any CPU
		{44E6E24B-EDCF-4047-ADC0-41F3B125643D}.Debug|Any CPU.ActiveCfg = Debug|Any CPU
		{44E6E24B-EDCF-4047-ADC0-41F3B125643D}.Debug|Any CPU.Build.0 = Debug|Any CPU
		{44E6E24B-EDCF-4047-ADC0-41F3B125643D}.Release|Any CPU.ActiveCfg = Release|Any CPU
		{44E6E24B-EDCF-4047-ADC0-41F3B125643D}.Release|Any CPU.Build.0 = Release|Any CPU
		{F7671A4D-3D94-43BB-98BC-1DC285541D61}.Debug|Any CPU.ActiveCfg = Debug|Any CPU
		{F7671A4D-3D94-43BB-98BC-1DC285541D61}.Debug|Any CPU.Build.0 = Debug|Any CPU
		{F7671A4D-3D94-43BB-98BC-1DC285541D61}.Release|Any CPU.ActiveCfg = Release|Any CPU
		{F7671A4D-3D94-43BB-98BC-1DC285541D61}.Release|Any CPU.Build.0 = Release|Any CPU
	EndGlobalSection
	GlobalSection(SolutionProperties) = preSolution
		HideSolutionNode = FALSE
	EndGlobalSection
	GlobalSection(ExtensibilityGlobals) = postSolution
		SolutionGuid = {1B18B56F-8E69-4C4A-89E3-EB3553FC79FF}
	EndGlobalSection
EndGlobal
